
Microsoft Visual Studio Solution File, Format Version 12.00
# Visual Studio Version 17
VisualStudioVersion = 17.7.34221.43
MinimumVisualStudioVersion = 10.0.40219.1
Project("{FAE04EC0-301F-11D3-BF4B-00C04F79EFBC}") = "ItProjectKariera", "ItProjectKariera\ItProjectKariera.csproj", "{84361A34-2405-4EFF-803B-C93FD4531DAF}"
EndProject
Global
	GlobalSection(SolutionConfigurationPlatforms) = preSolution
		Debug|Any CPU = Debug|Any CPU
		Release|Any CPU = Release|Any CPU
	EndGlobalSection
	GlobalSection(ProjectConfigurationPlatforms) = postSolution
		{84361A34-2405-4EFF-803B-C93FD4531DAF}.Debug|Any CPU.ActiveCfg = Debug|Any CPU
		{84361A34-2405-4EFF-803B-C93FD4531DAF}.Debug|Any CPU.Build.0 = Debug|Any CPU
		{84361A34-2405-4EFF-803B-C93FD4531DAF}.Release|Any CPU.ActiveCfg = Release|Any CPU
		{84361A34-2405-4EFF-803B-C93FD4531DAF}.Release|Any CPU.Build.0 = Release|Any CPU
	EndGlobalSection
	GlobalSection(SolutionProperties) = preSolution
		HideSolutionNode = FALSE
	EndGlobalSection
	GlobalSection(ExtensibilityGlobals) = postSolution
		SolutionGuid = {EB2BFE30-9BED-41B9-8C95-763052A86725}
	EndGlobalSection
EndGlobal
